# This file is automatically @generated by Poetry 1.8.3 and should not be changed by hand.

[[package]]
name = "pyjnius"
version = "1.6.1"
description = "A Python module to access Java classes as Python classes using JNI."
optional = false
python-versions = "*"
files = [
    {file = "pyjnius-1.6.1-cp310-cp310-macosx_10_9_universal2.whl", hash = "sha256:ff6d71b847620d6a7de33a8acaa53671003c235dc881413d3faa11bc8e075c40"},
    {file = "pyjnius-1.6.1-cp310-cp310-macosx_10_9_x86_64.whl", hash = "sha256:061dd84a28695e750c809d2979fe3dabf9d4407b2240c2a06289755da3524bd9"},
    {file = "pyjnius-1.6.1-cp310-cp310-manylinux_2_17_aarch64.manylinux2014_aarch64.whl", hash = "sha256:be215ef25bf2e5484e00ba27e7a7256bbedee1ad0e3213d3cffb748b8abffe20"},
    {file = "pyjnius-1.6.1-cp310-cp310-manylinux_2_17_x86_64.manylinux2014_x86_64.whl", hash = "sha256:1d790bf3a5d30aa25757b98bc841a7bcb87c752ad6bea85a439f1582f884fa01"},
    {file = "pyjnius-1.6.1-cp310-cp310-win32.whl", hash = "sha256:cc33abad31b7dd0035b12adc9e02674d1dd299adc6b2028bdc7b998684109158"},
    {file = "pyjnius-1.6.1-cp310-cp310-win_amd64.whl", hash = "sha256:4021629d8d53e615b244666a92e733cbcfaa82955bee4887df42282c8a4aa46e"},
    {file = "pyjnius-1.6.1-cp311-cp311-macosx_10_9_universal2.whl", hash = "sha256:2fc1ff1dc5dc93ee0adcb0a3f9194d9a824aeacefb0ee738c6d121964c6585f2"},
    {file = "pyjnius-1.6.1-cp311-cp311-macosx_10_9_x86_64.whl", hash = "sha256:4359f42d907f8b971a676f2d1406ce41b1ba3c810c5770d640037d4addc5176e"},
    {file = "pyjnius-1.6.1-cp311-cp311-manylinux_2_17_aarch64.manylinux2014_aarch64.whl", hash = "sha256:88dcb79d0ebc80ab74c1e6d37a0ffc9139521ff12eff1d5b2219be199f65536a"},
    {file = "pyjnius-1.6.1-cp311-cp311-manylinux_2_17_x86_64.manylinux2014_x86_64.whl", hash = "sha256:0a32df745d40fd80c0c6e6c12417fa86d435ac23c1236d030365cababcf9981d"},
    {file = "pyjnius-1.6.1-cp311-cp311-win32.whl", hash = "sha256:c55837b1eaef929c2b1721388bdb51290893766e11442ed611776701c9266f15"},
    {file = "pyjnius-1.6.1-cp311-cp311-win_amd64.whl", hash = "sha256:97b8c8faf16a4f1ac82cc89ca59c65a43d6a796b92884540c5627db2e54a962a"},
    {file = "pyjnius-1.6.1-cp312-cp312-macosx_10_9_universal2.whl", hash = "sha256:8e77043544febb3a37e5498477755195d7538b47b63b1d62a9ee7060ff0d8697"},
    {file = "pyjnius-1.6.1-cp312-cp312-macosx_10_9_x86_64.whl", hash = "sha256:9f3775bda5275773b3e27a682220ddb8a9c649ab097c85798a366e7d4b8b709b"},
    {file = "pyjnius-1.6.1-cp312-cp312-manylinux_2_17_aarch64.manylinux2014_aarch64.whl", hash = "sha256:e5cb3fb92898d6f2a1eeff348b71e80c001ef8594682273d45ca7b629877efda"},
    {file = "pyjnius-1.6.1-cp312-cp312-manylinux_2_17_x86_64.manylinux2014_x86_64.whl", hash = "sha256:a90b68fb53c4f9a0d1919903deed3bf5def72c355e38c5c07f545e72001d1c4c"},
    {file = "pyjnius-1.6.1-cp312-cp312-win32.whl", hash = "sha256:7199809fd3114db4942e560ac000ed8ecc4cdf2e115ef551012cd3d0b1af3a0a"},
    {file = "pyjnius-1.6.1-cp312-cp312-win_amd64.whl", hash = "sha256:0e0da04b08c61c2b59cd1670d743c7867f31d6c6a45c8ca5f90657da88d48fd9"},
    {file = "pyjnius-1.6.1-cp37-cp37m-macosx_10_9_x86_64.whl", hash = "sha256:ab4c0ff95e09b971bf233542bd350303a39306170f3b3f6cc979cc98abb96ae2"},
    {file = "pyjnius-1.6.1-cp37-cp37m-manylinux_2_17_aarch64.manylinux2014_aarch64.whl", hash = "sha256:761f174b2d4f452f6b7d0c7011959f806bc7af78ec934ca64c0d15d3aac88984"},
    {file = "pyjnius-1.6.1-cp37-cp37m-manylinux_2_17_x86_64.manylinux2014_x86_64.whl", hash = "sha256:54593442f9703836a045a172041bb7c56fbd96d0dca5bab9e77573e78fb7c08c"},
    {file = "pyjnius-1.6.1-cp37-cp37m-win32.whl", hash = "sha256:0df35edecabd4889c84053476ffeb569fc25365905c2044f19522c0f2e557075"},
    {file = "pyjnius-1.6.1-cp37-cp37m-win_amd64.whl", hash = "sha256:eecfd0b9c5e03d05433877e6e3243c145e029b5d62bc37eb799798de4950308e"},
    {file = "pyjnius-1.6.1-cp38-cp38-macosx_10_9_universal2.whl", hash = "sha256:a13cf7fff029cb54f8dfb2605b2f427a3ced0783abe8dc66a35d62d8d2baaac7"},
    {file = "pyjnius-1.6.1-cp38-cp38-macosx_10_9_x86_64.whl", hash = "sha256:6f4ab7609d68872092083740bb3ce00b8e0c93fc0b5066a6e4a93dab7e43320d"},
    {file = "pyjnius-1.6.1-cp38-cp38-manylinux_2_17_aarch64.manylinux2014_aarch64.whl", hash = "sha256:6b15a05b3dc1c261761a2cff8d8f02f8f3b4cfea3a250b85e455c53b55cbf2bd"},
    {file = "pyjnius-1.6.1-cp38-cp38-manylinux_2_17_x86_64.manylinux2014_x86_64.whl", hash = "sha256:361c26a86dbd06e21e24c987fe1ea9bc7ea69f9459f76104ed4265dc04a6774c"},
    {file = "pyjnius-1.6.1-cp38-cp38-win32.whl", hash = "sha256:60669194242013455cc54a49c165f230e240c5334b7aec29471fd9be53eb01e8"},
    {file = "pyjnius-1.6.1-cp38-cp38-win_amd64.whl", hash = "sha256:4da5ce988706d48ec844d45a9d84a47c717d40e5eff03f757678838fd71a75e8"},
    {file = "pyjnius-1.6.1-cp39-cp39-macosx_10_9_universal2.whl", hash = "sha256:b9cd218a3d94f33f2b05176458412edeae5b674a4c3fc58db00ab81746a025e2"},
    {file = "pyjnius-1.6.1-cp39-cp39-macosx_10_9_x86_64.whl", hash = "sha256:a56bee308898feb06bbb1b81feeabed7c9fc85a4d92ee92585fabc5895a29c11"},
    {file = "pyjnius-1.6.1-cp39-cp39-manylinux_2_17_aarch64.manylinux2014_aarch64.whl", hash = "sha256:9b6fa140e1a5dae2658b170e39325b43275852aa263e94b87c89748d07ca5c57"},
    {file = "pyjnius-1.6.1-cp39-cp39-manylinux_2_17_x86_64.manylinux2014_x86_64.whl", hash = "sha256:7f3ee60508991069f45ba75d65e4a6650c05739c64943bf3702485672f4d8f22"},
    {file = "pyjnius-1.6.1-cp39-cp39-win32.whl", hash = "sha256:ed5e19b216e01fb511a75b1ce97b48f710552f7f1269f1c0d85fef84cb6935bd"},
    {file = "pyjnius-1.6.1-cp39-cp39-win_amd64.whl", hash = "sha256:e20a49820ca0b0ebef03b710ecc6f03e91847c7b08612fc87f88293b7f73e797"},
    {file = "pyjnius-1.6.1-pp310-pypy310_pp73-macosx_10_9_x86_64.whl", hash = "sha256:26893e4ef5a5d21393ceab61d03ad02d03cf8d4c3177c262d48853186b5512df"},
    {file = "pyjnius-1.6.1-pp310-pypy310_pp73-manylinux_2_17_aarch64.manylinux2014_aarch64.whl", hash = "sha256:133ddedf0a88dae1b11a0e4ad36336794e38f190bde7c73f7621cbd21ad22700"},
    {file = "pyjnius-1.6.1-pp310-pypy310_pp73-manylinux_2_17_x86_64.manylinux2014_x86_64.whl", hash = "sha256:55820ca521795454afa1f855ecad28648f440dcf70a4f188adffedb35c50e920"},
    {file = "pyjnius-1.6.1-pp310-pypy310_pp73-win_amd64.whl", hash = "sha256:d9d75c37de19b43a7b33b3f965bd5206c6d5b9999de85d40797a4e46e48cd717"},
    {file = "pyjnius-1.6.1-pp37-pypy37_pp73-macosx_10_9_x86_64.whl", hash = "sha256:5d761e1c500fe777e184ec88826535099b6fb8c2f3aedfe4cf7c3c0a009f4f60"},
    {file = "pyjnius-1.6.1-pp37-pypy37_pp73-manylinux_2_17_aarch64.manylinux2014_aarch64.whl", hash = "sha256:445e8df7906ecebfc0ae273e5657a004a1ff229131439aed0a70087234aad082"},
    {file = "pyjnius-1.6.1-pp37-pypy37_pp73-manylinux_2_17_x86_64.manylinux2014_x86_64.whl", hash = "sha256:095b9289805ee58c92a54225d1d8678e3226dd2bd077e86bb9b33191ee316573"},
    {file = "pyjnius-1.6.1-pp37-pypy37_pp73-win_amd64.whl", hash = "sha256:aac6abc5deec53f4b434358267126da78bebd43c1a442ba4f65db98a3bf5064b"},
    {file = "pyjnius-1.6.1-pp38-pypy38_pp73-macosx_10_9_x86_64.whl", hash = "sha256:e2477b8d302e52bfdbbfd43354fb35741fbca1b55914a1377803a8079953eefc"},
    {file = "pyjnius-1.6.1-pp38-pypy38_pp73-manylinux_2_17_aarch64.manylinux2014_aarch64.whl", hash = "sha256:5eb16f9583cba038898bff21846034766c3882066747b8f2f1cbbf3871fb2e5d"},
    {file = "pyjnius-1.6.1-pp38-pypy38_pp73-manylinux_2_17_x86_64.manylinux2014_x86_64.whl", hash = "sha256:1e92fc8ca421cfa9e2f3ba1ad6b450c6ec47d7b2e1f7c349143511d40fbf3ed3"},
    {file = "pyjnius-1.6.1-pp38-pypy38_pp73-win_amd64.whl", hash = "sha256:b7c2eb6b17d009939c580a98b2abf70aebea0d25c74517cc738ecf6be4263bc4"},
    {file = "pyjnius-1.6.1-pp39-pypy39_pp73-macosx_10_9_x86_64.whl", hash = "sha256:cf08dc6579a14b212b2d4f51a6cb6fcfd7154f305672db6d1ae42b07e520dd45"},
    {file = "pyjnius-1.6.1-pp39-pypy39_pp73-manylinux_2_17_aarch64.manylinux2014_aarch64.whl", hash = "sha256:f39a09aac5b2dd9b6448cd8233a2c072da3616048525977ae683f943834ce553"},
    {file = "pyjnius-1.6.1-pp39-pypy39_pp73-manylinux_2_17_x86_64.manylinux2014_x86_64.whl", hash = "sha256:06621ba1e21e7c97b70c6861a3885780e0ebe95cecd111d53da5c6ce70bcd60d"},
    {file = "pyjnius-1.6.1-pp39-pypy39_pp73-win_amd64.whl", hash = "sha256:edaf12697c7d0efbb2060f2d9b2a64bacb81846cdc0a0a33551990a5123d8ecb"},
    {file = "pyjnius-1.6.1.tar.gz", hash = "sha256:d2a7ece6ed79bf1d7f97a4f6d61302d9f1d7652182a3e4c8a69dbaef31396e60"},
]

[package.extras]
ci = ["coveralls", "pytest-rerunfailures"]
dev = ["pycodestyle", "pytest", "pytest-cov"]

[[package]]
name = "setuptools"
version = "77.0.3"
description = "Easily download, build, install, upgrade, and uninstall Python packages"
optional = false
python-versions = ">=3.9"
files = [
    {file = "setuptools-77.0.3-py3-none-any.whl", hash = "sha256:67122e78221da5cf550ddd04cf8742c8fe12094483749a792d56cd669d6cf58c"},
    {file = "setuptools-77.0.3.tar.gz", hash = "sha256:583b361c8da8de57403743e756609670de6fb2345920e36dc5c2d914c319c945"},
]

[package.extras]
check = ["pytest-checkdocs (>=2.4)", "pytest-ruff (>=0.2.1)", "ruff (>=0.8.0)"]
core = ["importlib_metadata (>=6)", "jaraco.functools (>=4)", "jaraco.text (>=3.7)", "more_itertools", "more_itertools (>=8.8)", "packaging (>=24.2)", "platformdirs (>=4.2.2)", "tomli (>=2.0.1)", "wheel (>=0.43.0)"]
cover = ["pytest-cov"]
doc = ["furo", "jaraco.packaging (>=9.3)", "jaraco.tidelift (>=1.4)", "pygments-github-lexers (==0.0.5)", "pyproject-hooks (!=1.1)", "rst.linker (>=1.9)", "sphinx (>=3.5)", "sphinx-favicon", "sphinx-inline-tabs", "sphinx-lint", "sphinx-notfound-page (>=1,<2)", "sphinx-reredirects", "sphinxcontrib-towncrier", "towncrier (<24.7)"]
enabler = ["pytest-enabler (>=2.2)"]
test = ["build[virtualenv] (>=1.0.3)", "filelock (>=3.4.0)", "ini2toml[lite] (>=0.14)", "jaraco.develop (>=7.21)", "jaraco.envs (>=2.2)", "jaraco.path (>=3.7.2)", "jaraco.test (>=5.5)", "packaging (>=24.2)", "pip (>=19.1)", "pyproject-hooks (!=1.1)", "pytest (>=6,!=8.1.*)", "pytest-home (>=0.5)", "pytest-perf", "pytest-subprocess", "pytest-timeout", "pytest-xdist (>=3)", "tomli-w (>=1.0.0)", "virtualenv (>=13.0.0)", "wheel (>=0.44.0)"]
type = ["importlib_metadata (>=7.0.2)", "jaraco.develop (>=7.21)", "mypy (==1.14.*)", "pytest-mypy"]

[metadata]
lock-version = "2.0"
python-versions = "^3.9"
content-hash = "6f242146ea16db5ac1b9166867768399afc230782b1050b24d6b7bb22bb54056"
